
Microsoft Visual Studio Solution File, Format Version 11.00
# Visual Studio 2010
Project("{FAE04EC0-301F-11D3-BF4B-00C04F79EFBC}") = "MvcTasks.WebUI", "MvcTasks.WebUI\MvcTasks.WebUI.csproj", "{D3DC99DE-801D-4F6B-8A37-771469327EF3}"
EndProject
Project("{FAE04EC0-301F-11D3-BF4B-00C04F79EFBC}") = "MvcTasks.WebUI.Tests", "MvcTasks.WebUI.Tests\MvcTasks.WebUI.Tests.csproj", "{60E57052-3C71-470D-95ED-7D79A996986A}"
EndProject
Project("{FAE04EC0-301F-11D3-BF4B-00C04F79EFBC}") = "MvcTasks.DomainModel", "MvcTasks.DomainModel\MvcTasks.DomainModel.csproj", "{FD423B4E-CE53-4275-BED9-138CF8D80650}"
EndProject
Global
	GlobalSection(SolutionConfigurationPlatforms) = preSolution
		Debug|Any CPU = Debug|Any CPU
		Release|Any CPU = Release|Any CPU
	EndGlobalSection
	GlobalSection(ProjectConfigurationPlatforms) = postSolution
		{D3DC99DE-801D-4F6B-8A37-771469327EF3}.Debug|Any CPU.ActiveCfg = Debug|Any CPU
		{D3DC99DE-801D-4F6B-8A37-771469327EF3}.Debug|Any CPU.Build.0 = Debug|Any CPU
		{D3DC99DE-801D-4F6B-8A37-771469327EF3}.Release|Any CPU.ActiveCfg = Release|Any CPU
		{D3DC99DE-801D-4F6B-8A37-771469327EF3}.Release|Any CPU.Build.0 = Release|Any CPU
		{60E57052-3C71-470D-95ED-7D79A996986A}.Debug|Any CPU.ActiveCfg = Debug|Any CPU
		{60E57052-3C71-470D-95ED-7D79A996986A}.Debug|Any CPU.Build.0 = Debug|Any CPU
		{60E57052-3C71-470D-95ED-7D79A996986A}.Release|Any CPU.ActiveCfg = Release|Any CPU
		{60E57052-3C71-470D-95ED-7D79A996986A}.Release|Any CPU.Build.0 = Release|Any CPU
		{FD423B4E-CE53-4275-BED9-138CF8D80650}.Debug|Any CPU.ActiveCfg = Debug|Any CPU
		{FD423B4E-CE53-4275-BED9-138CF8D80650}.Debug|Any CPU.Build.0 = Debug|Any CPU
		{FD423B4E-CE53-4275-BED9-138CF8D80650}.Release|Any CPU.ActiveCfg = Release|Any CPU
		{FD423B4E-CE53-4275-BED9-138CF8D80650}.Release|Any CPU.Build.0 = Release|Any CPU
	EndGlobalSection
	GlobalSection(SolutionProperties) = preSolution
		HideSolutionNode = FALSE
	EndGlobalSection
EndGlobal
